{
	"name": "discord-bot-rss-feed",
	"version": "3.2.2",
	"lockfileVersion": 1,
	"requires": true,
	"dependencies": {
		"acorn": {
			"version": "1.2.2",
			"resolved": "https://registry.npmjs.org/acorn/-/acorn-1.2.2.tgz",
			"integrity": "sha1-yM4n3grMdtiW0rH6099YjZ6C8BQ=",
			"optional": true
		},
		"amdefine": {
			"version": "1.0.1",
			"resolved": "https://registry.npmjs.org/amdefine/-/amdefine-1.0.1.tgz",
			"integrity": "sha1-SlKCrBZHKek2Gbz9OtFR+BfOkfU=",
			"optional": true
		},
		"ast-types": {
			"version": "0.8.15",
			"resolved": "https://registry.npmjs.org/ast-types/-/ast-types-0.8.15.tgz",
			"integrity": "sha1-ju8IJ/BN/w7IhXupJavj/qYZTlI=",
			"optional": true
		},
		"async": {
			"version": "0.2.10",
			"resolved": "https://registry.npmjs.org/async/-/async-0.2.10.tgz",
			"integrity": "sha1-trvgsGdLnXGXCMo43owjfLUmw9E=",
			"optional": true
		},
		"async-limiter": {
			"version": "https://registry.npmjs.org/async-limiter/-/async-limiter-1.0.0.tgz",
			"integrity": "sha1-ePrtjD0HSrgfIrTphdeehzj3IPg="
		},
		"base62": {
			"version": "0.1.1",
			"resolved": "https://registry.npmjs.org/base62/-/base62-0.1.1.tgz",
			"integrity": "sha1-e0F0wvlESXU7EcJlHAg9qEGnsIQ=",
			"optional": true
		},
		"binary-search-tree": {
			"version": "0.2.5",
			"resolved": "https://registry.npmjs.org/binary-search-tree/-/binary-search-tree-0.2.5.tgz",
			"integrity": "sha1-fbs7IQ/coIJFDa0jNMMErzm9x4Q=",
			"optional": true,
			"requires": {
				"underscore": "1.4.4"
			},
			"dependencies": {
				"underscore": {
					"version": "1.4.4",
					"resolved": "https://registry.npmjs.org/underscore/-/underscore-1.4.4.tgz",
					"integrity": "sha1-YaajIBBiKvoHljvzJSA88SI51gQ=",
					"optional": true
				}
			}
		},
		"bson": {
			"version": "0.4.23",
			"resolved": "https://registry.npmjs.org/bson/-/bson-0.4.23.tgz",
			"integrity": "sha1-5louPHUH/63kEJvHV1p25Q+NqRU=",
			"optional": true
		},
		"camo": {
			"version": "git+https://github.com/scottwrobinson/camo.git#3acde553b37ec7d2161a20424fa1975243f96179",
			"requires": {
				"depd": "1.1.0",
				"lodash": "3.9.3",
				"mongodb": "2.0.42",
				"nedb": "1.8.0"
			}
		},
		"core-util-is": {
			"version": "https://registry.npmjs.org/core-util-is/-/core-util-is-1.0.2.tgz",
			"integrity": "sha1-tf1UIgqivFq1eqtxQMlAdUUDwac="
		},
		"depd": {
			"version": "1.1.0",
			"resolved": "https://registry.npmjs.org/depd/-/depd-1.1.0.tgz",
			"integrity": "sha1-4b2Cxqq2ztlluXuIsX7T5SjKGMM="
		},
		"discord.js": {
			"version": "https://registry.npmjs.org/discord.js/-/discord.js-11.2.0.tgz",
			"integrity": "sha1-qt3iuGtpuQUWa4O8Sc/ENSOOGus=",
			"requires": {
				"long": "https://registry.npmjs.org/long/-/long-3.2.0.tgz",
				"prism-media": "https://registry.npmjs.org/prism-media/-/prism-media-0.0.1.tgz",
				"snekfetch": "https://registry.npmjs.org/snekfetch/-/snekfetch-3.3.0.tgz",
				"tweetnacl": "https://registry.npmjs.org/tweetnacl/-/tweetnacl-1.0.0.tgz",
				"ws": "https://registry.npmjs.org/ws/-/ws-3.2.0.tgz"
			}
		},
		"entities": {
			"version": "1.1.1",
			"resolved": "https://registry.npmjs.org/entities/-/entities-1.1.1.tgz",
			"integrity": "sha1-blwtClYhtdra7O+AuQ7ftc13cvA="
		},
		"es3ify": {
			"version": "0.1.4",
			"resolved": "https://registry.npmjs.org/es3ify/-/es3ify-0.1.4.tgz",
			"integrity": "sha1-rZ+l3xrjTz8x4SEbWBiy1RB439E=",
			"optional": true,
			"requires": {
				"esprima-fb": "3001.1.0-dev-harmony-fb",
				"jstransform": "3.0.0",
				"through": "2.3.8"
			}
		},
		"es6-promise": {
			"version": "2.1.1",
			"resolved": "https://registry.npmjs.org/es6-promise/-/es6-promise-2.1.1.tgz",
			"integrity": "sha1-A+jzxyl5KOVHjWqx0GQyUVB73t0=",
			"optional": true
		},
		"esmangle-evaluator": {
			"version": "1.0.1",
			"resolved": "https://registry.npmjs.org/esmangle-evaluator/-/esmangle-evaluator-1.0.1.tgz",
			"integrity": "sha1-Yg2GbvSGGzMR91dm1SqFcrs8YzY=",
			"optional": true
		},
		"esprima-fb": {
			"version": "3001.1.0-dev-harmony-fb",
			"resolved": "https://registry.npmjs.org/esprima-fb/-/esprima-fb-3001.0001.0000-dev-harmony-fb.tgz",
			"integrity": "sha1-t303q8046gt3Qmu4vCkizmtCZBE="
		},
		"falafel": {
			"version": "1.2.0",
			"resolved": "https://registry.npmjs.org/falafel/-/falafel-1.2.0.tgz",
			"integrity": "sha1-wY0k71CRF0pJfzGM0ksCaiXN2rQ=",
			"optional": true,
			"requires": {
				"acorn": "1.2.2",
				"foreach": "2.0.5",
				"isarray": "0.0.1",
				"object-keys": "1.0.11"
			}
		},
		"foreach": {
			"version": "2.0.5",
			"resolved": "https://registry.npmjs.org/foreach/-/foreach-2.0.5.tgz",
			"integrity": "sha1-C+4AUBiusmDQo6865ljdATbsG5k=",
			"optional": true
		},
		"get-urls": {
			"version": "https://registry.npmjs.org/get-urls/-/get-urls-7.0.0.tgz",
			"integrity": "sha1-xICtx9TGzFy7ZLUxgj3GO5nsHlo=",
			"requires": {
				"normalize-url": "https://registry.npmjs.org/normalize-url/-/normalize-url-1.9.1.tgz",
				"url-regex": "https://registry.npmjs.org/url-regex/-/url-regex-4.1.1.tgz"
			}
		},
		"graceful-fs": {
			"version": "https://registry.npmjs.org/graceful-fs/-/graceful-fs-4.1.11.tgz",
			"integrity": "sha1-Dovf5NHduIVNZOBOp8AOKgJuVlg=",
			"optional": true
		},
		"immediate": {
			"version": "3.0.6",
			"resolved": "https://registry.npmjs.org/immediate/-/immediate-3.0.6.tgz",
			"integrity": "sha1-nbHb0Pr43m++D13V5Wu2BigN5ps=",
			"optional": true
		},
		"inherits": {
			"version": "2.0.3",
			"resolved": "https://registry.npmjs.org/inherits/-/inherits-2.0.3.tgz",
			"integrity": "sha1-Yzwsg+PaQqUC9SRmAiSA9CCCYd4="
		},
		"inline-process-browser": {
			"version": "1.0.0",
			"resolved": "https://registry.npmjs.org/inline-process-browser/-/inline-process-browser-1.0.0.tgz",
			"integrity": "sha1-RqYbFT3TybFiSxoAYm7bT39BTyI=",
			"optional": true,
			"requires": {
				"falafel": "1.2.0",
				"through2": "0.6.5"
			}
		},
		"ip-regex": {
			"version": "https://registry.npmjs.org/ip-regex/-/ip-regex-1.0.3.tgz",
			"integrity": "sha1-3FiQdvZZ9BnCIgOaMzFvHHOH7/0="
		},
		"is-plain-obj": {
			"version": "https://registry.npmjs.org/is-plain-obj/-/is-plain-obj-1.1.0.tgz",
			"integrity": "sha1-caUMhCnfync8kqOQpKA7OfzVHT4="
		},
		"isarray": {
			"version": "0.0.1",
			"resolved": "https://registry.npmjs.org/isarray/-/isarray-0.0.1.tgz",
			"integrity": "sha1-ihis/Kmo9Bd+Cav8YDiTmwXR7t8="
		},
		"jsonfile": {
			"version": "https://registry.npmjs.org/jsonfile/-/jsonfile-3.0.1.tgz",
			"integrity": "sha1-pezG9l9T9mLEQVx2daAzHQmS7GY=",
			"requires": {
				"graceful-fs": "https://registry.npmjs.org/graceful-fs/-/graceful-fs-4.1.11.tgz"
			}
		},
		"jstransform": {
			"version": "3.0.0",
			"resolved": "https://registry.npmjs.org/jstransform/-/jstransform-3.0.0.tgz",
			"integrity": "sha1-olkats7o2XvzvoMNv6IxO4fNZAs=",
			"optional": true,
			"requires": {
				"base62": "0.1.1",
				"esprima-fb": "3001.1.0-dev-harmony-fb",
				"source-map": "0.1.31"
			}
		},
		"kerberos": {
			"version": "0.0.23",
			"resolved": "https://registry.npmjs.org/kerberos/-/kerberos-0.0.23.tgz",
			"integrity": "sha1-aqRq/bl4bGkZOIzFtAjwEscfD9E=",
			"optional": true,
			"requires": {
				"nan": "2.5.1"
			}
		},
		"lie": {
			"version": "3.0.2",
			"resolved": "https://registry.npmjs.org/lie/-/lie-3.0.2.tgz",
			"integrity": "sha1-/9oh17uibzd8rYZdNkmy/Izjn+o=",
			"optional": true,
			"requires": {
				"es3ify": "0.1.4",
				"immediate": "3.0.6",
				"inline-process-browser": "1.0.0",
				"unreachable-branch-transform": "0.3.0"
			}
		},
		"localforage": {
			"version": "1.5.5",
			"resolved": "https://registry.npmjs.org/localforage/-/localforage-1.5.5.tgz",
			"integrity": "sha1-VfwcOoikf2f1+sbxIxsl/xNVZCM=",
			"optional": true,
			"requires": {
				"lie": "3.0.2"
			}
		},
		"lodash": {
			"version": "3.9.3",
			"resolved": "https://registry.npmjs.org/lodash/-/lodash-3.9.3.tgz",
			"integrity": "sha1-AVnoaDL+/8bWHYUrEqlTuZSWvTI="
		},
		"long": {
			"version": "https://registry.npmjs.org/long/-/long-3.2.0.tgz",
			"integrity": "sha1-2CG3E4yhy1gcFymQ7xTbIAtcR0s="
		},
		"minimist": {
			"version": "0.0.8",
			"resolved": "https://registry.npmjs.org/minimist/-/minimist-0.0.8.tgz",
			"integrity": "sha1-hX/Kv8M5fSYluCKCYuhqp6ARsF0=",
			"optional": true
		},
		"mkdirp": {
			"version": "0.5.1",
			"resolved": "https://registry.npmjs.org/mkdirp/-/mkdirp-0.5.1.tgz",
			"integrity": "sha1-MAV0OOrGz3+MR2fzhkjWaX11yQM=",
			"optional": true,
			"requires": {
				"minimist": "0.0.8"
			}
		},
		"mongodb": {
			"version": "2.0.42",
			"resolved": "https://registry.npmjs.org/mongodb/-/mongodb-2.0.42.tgz",
			"integrity": "sha1-G614E9ByXOLjvVQYDzH67dJNnlM=",
			"optional": true,
			"requires": {
				"es6-promise": "2.1.1",
				"mongodb-core": "1.2.10",
				"readable-stream": "1.0.31"
			}
		},
		"mongodb-core": {
			"version": "1.2.10",
			"resolved": "https://registry.npmjs.org/mongodb-core/-/mongodb-core-1.2.10.tgz",
			"integrity": "sha1-7OFyAb05WmR/uY9Ivo+64Vvgr9k=",
			"optional": true,
			"requires": {
				"bson": "0.4.23",
				"kerberos": "0.0.23"
			}
		},
		"nan": {
			"version": "2.5.1",
			"resolved": "https://registry.npmjs.org/nan/-/nan-2.5.1.tgz",
			"integrity": "sha1-1bAWkSUzJql6K77p5hxV2NYDUeI=",
			"optional": true
		},
		"nedb": {
			"version": "1.8.0",
			"resolved": "https://registry.npmjs.org/nedb/-/nedb-1.8.0.tgz",
			"integrity": "sha1-DjUCzYLABNU1WkPJ5VV3vXvZHYg=",
			"optional": true,
			"requires": {
				"async": "0.2.10",
				"binary-search-tree": "0.2.5",
				"localforage": "1.5.5",
				"mkdirp": "0.5.1",
				"underscore": "1.4.4"
			},
			"dependencies": {
				"underscore": {
					"version": "1.4.4",
					"resolved": "https://registry.npmjs.org/underscore/-/underscore-1.4.4.tgz",
					"integrity": "sha1-YaajIBBiKvoHljvzJSA88SI51gQ=",
					"optional": true
				}
			}
		},
		"normalize-url": {
			"version": "https://registry.npmjs.org/normalize-url/-/normalize-url-1.9.1.tgz",
			"integrity": "sha1-LMDWazHqIwNkWENuNiDYWVTGbDw=",
			"requires": {
				"object-assign": "https://registry.npmjs.org/object-assign/-/object-assign-4.1.1.tgz",
				"prepend-http": "https://registry.npmjs.org/prepend-http/-/prepend-http-1.0.4.tgz",
				"query-string": "https://registry.npmjs.org/query-string/-/query-string-4.3.4.tgz",
				"sort-keys": "https://registry.npmjs.org/sort-keys/-/sort-keys-1.1.2.tgz"
			}
		},
		"object-assign": {
			"version": "https://registry.npmjs.org/object-assign/-/object-assign-4.1.1.tgz",
			"integrity": "sha1-IQmtx5ZYh8/AXLvUQsrIv7s2CGM="
		},
		"object-keys": {
			"version": "1.0.11",
			"resolved": "https://registry.npmjs.org/object-keys/-/object-keys-1.0.11.tgz",
			"integrity": "sha1-xUYBd4rVYPEULODgG8yotW0TQm0=",
			"optional": true
		},
		"prepend-http": {
			"version": "https://registry.npmjs.org/prepend-http/-/prepend-http-1.0.4.tgz",
			"integrity": "sha1-1PRWKwzjaW5BrFLQ4ALlemNdxtw="
		},
		"prism-media": {
			"version": "https://registry.npmjs.org/prism-media/-/prism-media-0.0.1.tgz",
			"integrity": "sha1-o0JcnKvVDRxsAuVDlBoRiVZnvRA="
		},
		"private": {
			"version": "0.1.8",
			"resolved": "https://registry.npmjs.org/private/-/private-0.1.8.tgz",
			"integrity": "sha512-VvivMrbvd2nKkiG38qjULzlc+4Vx4wm/whI9pQD35YrARNnhxeiRktSOhSukRLFNlzg6Br/cJPet5J/u19r/mg==",
			"optional": true
		},
		"query-string": {
			"version": "https://registry.npmjs.org/query-string/-/query-string-4.3.4.tgz",
			"integrity": "sha1-u7aTucqRXCMlFbIosaArYJBD2+s=",
			"requires": {
				"object-assign": "https://registry.npmjs.org/object-assign/-/object-assign-4.1.1.tgz",
				"strict-uri-encode": "https://registry.npmjs.org/strict-uri-encode/-/strict-uri-encode-1.1.0.tgz"
			}
		},
		"readable-stream": {
			"version": "1.0.31",
			"resolved": "https://registry.npmjs.org/readable-stream/-/readable-stream-1.0.31.tgz",
			"integrity": "sha1-jyUC4LyeOw2huUUgqrtOJgPsr64=",
			"optional": true,
			"requires": {
				"core-util-is": "https://registry.npmjs.org/core-util-is/-/core-util-is-1.0.2.tgz",
				"inherits": "2.0.3",
				"isarray": "0.0.1",
				"string_decoder": "0.10.31"
			}
		},
		"recast": {
			"version": "0.10.43",
			"resolved": "https://registry.npmjs.org/recast/-/recast-0.10.43.tgz",
			"integrity": "sha1-uV1Q9tYHYaX2JS4V2AZ4FoSRzn8=",
			"optional": true,
			"requires": {
				"ast-types": "0.8.15",
				"esprima-fb": "15001.1001.0-dev-harmony-fb",
				"private": "0.1.8",
				"source-map": "0.5.7"
			},
			"dependencies": {
				"esprima-fb": {
					"version": "15001.1001.0-dev-harmony-fb",
					"resolved": "https://registry.npmjs.org/esprima-fb/-/esprima-fb-15001.1001.0-dev-harmony-fb.tgz",
					"integrity": "sha1-Q761fsJujPI3092LM+QlM1d/Jlk=",
					"optional": true
				},
				"source-map": {
					"version": "0.5.7",
					"resolved": "https://registry.npmjs.org/source-map/-/source-map-0.5.7.tgz",
					"integrity": "sha1-igOdLRAh0i0eoUyA2OpGi6LvP8w=",
					"optional": true
				}
			}
		},
		"rss-parser": {
			"version": "2.12.0",
			"resolved": "https://registry.npmjs.org/rss-parser/-/rss-parser-2.12.0.tgz",
			"integrity": "sha1-2M0XOu+cHw1mRnRlCSvW+ZqOwjI=",
			"requires": {
				"entities": "1.1.1",
				"xml2js": "0.4.19"
			}
		},
		"safe-buffer": {
			"version": "https://registry.npmjs.org/safe-buffer/-/safe-buffer-5.1.1.tgz",
			"integrity": "sha1-iTMSr2myEj3vcfV4iQAWce6yyFM="
		},
		"shortid": {
			"version": "https://registry.npmjs.org/shortid/-/shortid-2.2.8.tgz",
			"integrity": "sha1-AzsRfWoul1gE9vCWnb59PQs1UTE="
		},
		"snekfetch": {
			"version": "https://registry.npmjs.org/snekfetch/-/snekfetch-3.3.0.tgz",
			"integrity": "sha1-l6oNedWSDxjCbUyKf92+kSBa0Po="
		},
		"sort-keys": {
			"version": "https://registry.npmjs.org/sort-keys/-/sort-keys-1.1.2.tgz",
			"integrity": "sha1-RBttTTRnmPG05J6JIK37oOVD+a0=",
			"requires": {
				"is-plain-obj": "https://registry.npmjs.org/is-plain-obj/-/is-plain-obj-1.1.0.tgz"
			}
		},
		"source-map": {
			"version": "0.1.31",
			"resolved": "https://registry.npmjs.org/source-map/-/source-map-0.1.31.tgz",
			"integrity": "sha1-n3BNDWnZ4TioG63267T94z0VHGE=",
			"optional": true,
			"requires": {
				"amdefine": "1.0.1"
			}
		},
		"strict-uri-encode": {
			"version": "https://registry.npmjs.org/strict-uri-encode/-/strict-uri-encode-1.1.0.tgz",
			"integrity": "sha1-J5siXfHVgrH1TmWt3UNS4Y+qBxM="
		},
		"string_decoder": {
			"version": "0.10.31",
			"resolved": "https://registry.npmjs.org/string_decoder/-/string_decoder-0.10.31.tgz",
			"integrity": "sha1-YuIDvEF2bGwoyfyEMB2rHFMQ+pQ="
		},
		"through": {
			"version": "2.3.8",
			"resolved": "https://registry.npmjs.org/through/-/through-2.3.8.tgz",
			"integrity": "sha1-DdTJ/6q8NXlgsbckEV1+Doai4fU=",
			"optional": true
		},
		"through2": {
			"version": "0.6.5",
			"resolved": "https://registry.npmjs.org/through2/-/through2-0.6.5.tgz",
			"integrity": "sha1-QaucZ7KdVyCQcUEOHXp6lozTrUg=",
			"requires": {
				"readable-stream": "1.0.34",
				"xtend": "4.0.1"
			},
			"dependencies": {
				"readable-stream": {
					"version": "1.0.34",
					"resolved": "https://registry.npmjs.org/readable-stream/-/readable-stream-1.0.34.tgz",
					"integrity": "sha1-Elgg40vIQtLyqq+v5MKRbuMsFXw=",
					"requires": {
						"core-util-is": "https://registry.npmjs.org/core-util-is/-/core-util-is-1.0.2.tgz",
						"inherits": "2.0.3",
						"isarray": "0.0.1",
						"string_decoder": "0.10.31"
					}
				}
			}
		},
		"tlds": {
			"version": "https://registry.npmjs.org/tlds/-/tlds-1.196.0.tgz",
			"integrity": "sha1-SddN29H53zAjizv+9N+Chitbu0g="
		},
		"tweetnacl": {
			"version": "https://registry.npmjs.org/tweetnacl/-/tweetnacl-1.0.0.tgz",
			"integrity": "sha1-cT2LgY2kIGh0C/aDhtBHnmb8ins="
		},
		"ultron": {
			"version": "https://registry.npmjs.org/ultron/-/ultron-1.1.0.tgz",
			"integrity": "sha1-sHoualQagV/Go0zNRTO67DB8qGQ="
		},
		"unreachable-branch-transform": {
			"version": "0.3.0",
			"resolved": "https://registry.npmjs.org/unreachable-branch-transform/-/unreachable-branch-transform-0.3.0.tgz",
			"integrity": "sha1-2ZzExudG0mSSiEW2EdtUsPNHTKo=",
			"optional": true,
			"requires": {
				"esmangle-evaluator": "1.0.1",
				"recast": "0.10.43",
				"through2": "0.6.5"
			}
		},
		"url-regex": {
			"version": "https://registry.npmjs.org/url-regex/-/url-regex-4.1.1.tgz",
			"integrity": "sha1-pWF7IuFeJtrFfOdMP1IIi83+yZU=",
			"requires": {
				"ip-regex": "https://registry.npmjs.org/ip-regex/-/ip-regex-1.0.3.tgz",
				"tlds": "https://registry.npmjs.org/tlds/-/tlds-1.196.0.tgz"
			}
		},
		"ws": {
			"version": "https://registry.npmjs.org/ws/-/ws-3.2.0.tgz",
			"integrity": "sha1-1dPWsRr/cec/gI9AzGnVK7bUoYU=",
			"requires": {
				"async-limiter": "https://registry.npmjs.org/async-limiter/-/async-limiter-1.0.0.tgz",
				"safe-buffer": "https://registry.npmjs.org/safe-buffer/-/safe-buffer-5.1.1.tgz",
				"ultron": "https://registry.npmjs.org/ultron/-/ultron-1.1.0.tgz"
			}
		},
		"xml2js": {
			"version": "0.4.19",
			"resolved": "https://registry.npmjs.org/xml2js/-/xml2js-0.4.19.tgz",
			"integrity": "sha512-esZnJZJOiJR9wWKMyuvSE1y6Dq5LCuJanqhxslH2bxM6duahNZ+HMpCLhBQGZkbX6xRf8x1Y2eJlgt2q3qo49Q==",
			"requires": {
				"sax": "1.2.4",
				"xmlbuilder": "9.0.4"
			},
			"dependencies": {
				"sax": {
					"version": "1.2.4",
					"resolved": "https://registry.npmjs.org/sax/-/sax-1.2.4.tgz",
					"integrity": "sha512-NqVDv9TpANUjFm0N8uM5GxL36UgKi9/atZw+x7YFnQ8ckwFGKrl4xX4yWtrey3UJm5nP1kUbnYgLopqWNSRhWw=="
				}
			}
		},
		"xmlbuilder": {
			"version": "9.0.4",
			"resolved": "https://registry.npmjs.org/xmlbuilder/-/xmlbuilder-9.0.4.tgz",
			"integrity": "sha1-UZy0ymhtAFqEINNJbz8MruzKWA8="
		},
		"xtend": {
			"version": "4.0.1",
			"resolved": "https://registry.npmjs.org/xtend/-/xtend-4.0.1.tgz",
			"integrity": "sha1-pcbVMr5lbiPbgg77lDofBJmNY68="
		}
	}
}
